<?xml version="1.0" encoding="utf-8"?>
<Project ToolsVersion="4.0" xmlns="http://schemas.microsoft.com/developer/msbuild/2003">
  <ItemGroup>
    <Filter Include="Quelldateien">
      <UniqueIdentifier>{4FC737F1-C7A5-4376-A066-2A32D752A2FF}</UniqueIdentifier>
      <Extensions>cpp;c;cc;cxx;def;odl;idl;hpj;bat;asm;asmx</Extensions>
    </Filter>
    <Filter Include="Headerdateien">
      <UniqueIdentifier>{93995380-89BD-4b04-88EB-625FBE52EBFB}</UniqueIdentifier>
      <Extensions>h;hh;hpp;hxx;hm;inl;inc;ipp;xsd</Extensions>
    </Filter>
    <Filter Include="Ressourcendateien">
      <UniqueIdentifier>{67DA6AB6-F800-4c08-8B7A-83BB121AAD01}</UniqueIdentifier>
      <Extensions>rc;ico;cur;bmp;dlg;rc2;rct;bin;rgs;gif;jpg;jpeg;jpe;resx;tiff;tif;png;wav;mfcribbon-ms</Extensions>
    </Filter>
    <Filter Include="Headerdateien\Utility">
      <UniqueIdentifier>{7a0af64c-add3-46a6-938f-e588e5e8836e}</UniqueIdentifier>
    </Filter>
    <Filter Include="Headerdateien\Resource">
      <UniqueIdentifier>{feca0abb-eebe-4f15-a62d-668edc427c60}</UniqueIdentifier>
    </Filter>
    <Filter Include="Quelldateien\Entrypoint">
      <UniqueIdentifier>{e2ba0e63-1ed7-4089-ae80-5f1874c6019f}</UniqueIdentifier>
    </Filter>
    <Filter Include="Quelldateien\Utility">
      <UniqueIdentifier>{279a0207-56ff-4368-b0ff-bebf6bd58a2c}</UniqueIdentifier>
    </Filter>
    <Filter Include="Quelldateien\Resource">
      <UniqueIdentifier>{50f46fe5-2cc1-4ced-bfbc-511f3f5196a8}</UniqueIdentifier>
    </Filter>
  </ItemGroup>
  <ItemGroup>
    <ClInclude Include="shaderdevicebase.h">
      <Filter>Headerdateien</Filter>
    </ClInclude>
    <ClInclude Include="shaderdevicevk.h">
      <Filter>Headerdateien</Filter>
    </ClInclude>
    <ClInclude Include="shadershadowvk.h">
      <Filter>Headerdateien</Filter>
    </ClInclude>
    <ClInclude Include="vertexdecl.h">
      <Filter>Headerdateien</Filter>
    </ClInclude>
    <ClInclude Include="vertexbuffervk.h">
      <Filter>Headerdateien</Filter>
    </ClInclude>
    <ClInclude Include="shaderapi_global.h">
      <Filter>Headerdateien</Filter>
    </ClInclude>
    <ClInclude Include="colorformatvk.h">
      <Filter>Headerdateien\Utility</Filter>
    </ClInclude>
    <ClInclude Include="hardwareconfig.h">
      <Filter>Headerdateien\Utility</Filter>
    </ClInclude>
    <ClInclude Include="textureheap.h">
      <Filter>Headerdateien\Resource</Filter>
    </ClInclude>
    <ClInclude Include="texturevk.h">
      <Filter>Headerdateien\Resource</Filter>
    </ClInclude>
    <ClInclude Include="meshbase.h">
      <Filter>Headerdateien\Resource</Filter>
    </ClInclude>
    <ClInclude Include="shaderapivk.h">
      <Filter>Headerdateien</Filter>
    </ClInclude>
    <ClInclude Include="localvktypes.h">
      <Filter>Headerdateien\Utility</Filter>
    </ClInclude>
    <ClInclude Include="impl_vulkan.hpp">
      <Filter>Headerdateien\Utility</Filter>
    </ClInclude>
    <ClInclude Include="shaderapibase.h">
      <Filter>Headerdateien</Filter>
    </ClInclude>
  </ItemGroup>
  <ItemGroup>
    <ClCompile Include="dllmain.cpp">
      <Filter>Quelldateien\Entrypoint</Filter>
    </ClCompile>
    <ClCompile Include="vertexdecl.cpp">
      <Filter>Quelldateien</Filter>
    </ClCompile>
    <ClCompile Include="vertexbuffervk.cpp">
      <Filter>Quelldateien</Filter>
    </ClCompile>
    <ClCompile Include="shadershadowvk.cpp">
      <Filter>Quelldateien</Filter>
    </ClCompile>
    <ClCompile Include="shaderdevicevk.cpp">
      <Filter>Quelldateien</Filter>
    </ClCompile>
    <ClCompile Include="shaderdevicebase.cpp">
      <Filter>Quelldateien</Filter>
    </ClCompile>
    <ClCompile Include="shaderapivk.cpp">
      <Filter>Quelldateien</Filter>
    </ClCompile>
    <ClCompile Include="shaderapi_global.cpp">
      <Filter>Quelldateien</Filter>
    </ClCompile>
    <ClCompile Include="hardwareconfig.cpp">
      <Filter>Quelldateien\Utility</Filter>
    </ClCompile>
    <ClCompile Include="colorformatvk.cpp">
      <Filter>Quelldateien\Utility</Filter>
    </ClCompile>
    <ClCompile Include="meshbase.cpp">
      <Filter>Quelldateien\Resource</Filter>
    </ClCompile>
    <ClCompile Include="textureheap.cpp">
      <Filter>Quelldateien\Resource</Filter>
    </ClCompile>
    <ClCompile Include="texturevk.cpp">
      <Filter>Quelldateien\Resource</Filter>
    </ClCompile>
  </ItemGroup>
</Project>